
Microsoft Visual Studio Solution File, Format Version 12.00
Project("{FAE04EC0-301F-11D3-BF4B-00C04F79EFBC}") = "Estimate.Api", "Estimate.Api\Estimate.Api.csproj", "{4716B18D-D081-47C3-B56A-2ED0396425CD}"
EndProject
Project("{FAE04EC0-301F-11D3-BF4B-00C04F79EFBC}") = "Estimate.Domain", "Estimate.Domain\Estimate.Domain.csproj", "{2C75F11E-9C4D-4325-BD4D-BEB25CAB8E3B}"
EndProject
Project("{FAE04EC0-301F-11D3-BF4B-00C04F79EFBC}") = "Estimate.Infra", "Estimate.Infra\Estimate.Infra.csproj", "{1B66CF3E-389A-443E-8C83-050E2BD86677}"
EndProject
Project("{FAE04EC0-301F-11D3-BF4B-00C04F79EFBC}") = "Estimate.UnitTest", "Estimate.UnitTest\Estimate.UnitTest.csproj", "{56319841-DB28-4FE3-AF62-0B3C338206F5}"
EndProject
Project("{FAE04EC0-301F-11D3-BF4B-00C04F79EFBC}") = "Estimate.Infra.IoC", "Estimate.Infra.IoC\Estimate.Infra.IoC.csproj", "{75E8571E-6D95-4AAF-B34B-F4E4B4C17DFD}"
EndProject
Project("{FAE04EC0-301F-11D3-BF4B-00C04F79EFBC}") = "Estimate.Application", "Estimate.Application\Estimate.Application.csproj", "{15BEB486-4614-4126-A60D-499D4E08743E}"
EndProject
Project("{2150E333-8FDC-42A3-9474-1A3956D46DE8}") = "Api", "Api", "{3949DF33-81E9-4933-89DF-7D9733AC8A25}"
EndProject
Project("{2150E333-8FDC-42A3-9474-1A3956D46DE8}") = "Application", "Application", "{8D00C957-6374-4BA9-B47E-BEC491D03955}"
EndProject
Project("{2150E333-8FDC-42A3-9474-1A3956D46DE8}") = "Domain", "Domain", "{33374BC1-5901-4BCE-BC0E-B87541A39F5A}"
EndProject
Project("{2150E333-8FDC-42A3-9474-1A3956D46DE8}") = "Infra", "Infra", "{BF9B5201-98A8-4CCA-9F26-DE9808B0A2DB}"
EndProject
Project("{2150E333-8FDC-42A3-9474-1A3956D46DE8}") = "Test", "Test", "{B360E737-0690-4205-8561-E45D20A93C06}"
EndProject
Global
	GlobalSection(SolutionConfigurationPlatforms) = preSolution
		Debug|Any CPU = Debug|Any CPU
		Release|Any CPU = Release|Any CPU
	EndGlobalSection
	GlobalSection(ProjectConfigurationPlatforms) = postSolution
		{4716B18D-D081-47C3-B56A-2ED0396425CD}.Debug|Any CPU.ActiveCfg = Debug|Any CPU
		{4716B18D-D081-47C3-B56A-2ED0396425CD}.Release|Any CPU.ActiveCfg = Release|Any CPU
		{4716B18D-D081-47C3-B56A-2ED0396425CD}.Release|Any CPU.Build.0 = Release|Any CPU
		{4716B18D-D081-47C3-B56A-2ED0396425CD}.Debug|Any CPU.Build.0 = Debug|Any CPU
		{2C75F11E-9C4D-4325-BD4D-BEB25CAB8E3B}.Debug|Any CPU.ActiveCfg = Debug|Any CPU
		{2C75F11E-9C4D-4325-BD4D-BEB25CAB8E3B}.Release|Any CPU.ActiveCfg = Release|Any CPU
		{2C75F11E-9C4D-4325-BD4D-BEB25CAB8E3B}.Release|Any CPU.Build.0 = Release|Any CPU
		{2C75F11E-9C4D-4325-BD4D-BEB25CAB8E3B}.Debug|Any CPU.Build.0 = Debug|Any CPU
		{1B66CF3E-389A-443E-8C83-050E2BD86677}.Debug|Any CPU.ActiveCfg = Debug|Any CPU
		{1B66CF3E-389A-443E-8C83-050E2BD86677}.Release|Any CPU.ActiveCfg = Release|Any CPU
		{1B66CF3E-389A-443E-8C83-050E2BD86677}.Release|Any CPU.Build.0 = Release|Any CPU
		{1B66CF3E-389A-443E-8C83-050E2BD86677}.Debug|Any CPU.Build.0 = Debug|Any CPU
		{56319841-DB28-4FE3-AF62-0B3C338206F5}.Debug|Any CPU.ActiveCfg = Debug|Any CPU
		{56319841-DB28-4FE3-AF62-0B3C338206F5}.Debug|Any CPU.Build.0 = Debug|Any CPU
		{56319841-DB28-4FE3-AF62-0B3C338206F5}.Release|Any CPU.ActiveCfg = Release|Any CPU
		{56319841-DB28-4FE3-AF62-0B3C338206F5}.Release|Any CPU.Build.0 = Release|Any CPU
		{75E8571E-6D95-4AAF-B34B-F4E4B4C17DFD}.Debug|Any CPU.ActiveCfg = Debug|Any CPU
		{75E8571E-6D95-4AAF-B34B-F4E4B4C17DFD}.Debug|Any CPU.Build.0 = Debug|Any CPU
		{75E8571E-6D95-4AAF-B34B-F4E4B4C17DFD}.Release|Any CPU.ActiveCfg = Release|Any CPU
		{75E8571E-6D95-4AAF-B34B-F4E4B4C17DFD}.Release|Any CPU.Build.0 = Release|Any CPU
		{15BEB486-4614-4126-A60D-499D4E08743E}.Debug|Any CPU.ActiveCfg = Debug|Any CPU
		{15BEB486-4614-4126-A60D-499D4E08743E}.Debug|Any CPU.Build.0 = Debug|Any CPU
		{15BEB486-4614-4126-A60D-499D4E08743E}.Release|Any CPU.ActiveCfg = Release|Any CPU
		{15BEB486-4614-4126-A60D-499D4E08743E}.Release|Any CPU.Build.0 = Release|Any CPU
	EndGlobalSection
	GlobalSection(NestedProjects) = preSolution
		{4716B18D-D081-47C3-B56A-2ED0396425CD} = {3949DF33-81E9-4933-89DF-7D9733AC8A25}
		{15BEB486-4614-4126-A60D-499D4E08743E} = {8D00C957-6374-4BA9-B47E-BEC491D03955}
		{2C75F11E-9C4D-4325-BD4D-BEB25CAB8E3B} = {33374BC1-5901-4BCE-BC0E-B87541A39F5A}
		{1B66CF3E-389A-443E-8C83-050E2BD86677} = {BF9B5201-98A8-4CCA-9F26-DE9808B0A2DB}
		{75E8571E-6D95-4AAF-B34B-F4E4B4C17DFD} = {BF9B5201-98A8-4CCA-9F26-DE9808B0A2DB}
		{56319841-DB28-4FE3-AF62-0B3C338206F5} = {B360E737-0690-4205-8561-E45D20A93C06}
	EndGlobalSection
EndGlobal
